// !$*UTF8*$!
{
	archiveVersion = 1;
	classes = {
	};
	objectVersion = 50;
	objects = {

/* Begin PBXBuildFile section */
		531AA924245EB212004A8643 /* PlaySound.swift in Sources */ = {isa = PBXBuildFile; fileRef = 531AA923245EB212004A8643 /* PlaySound.swift */; };
		531AA92E245EB378004A8643 /* casino-chips.mp3 in Resources */ = {isa = PBXBuildFile; fileRef = 531AA926245EB377004A8643 /* casino-chips.mp3 */; };
		531AA92F245EB378004A8643 /* win.mp3 in Resources */ = {isa = PBXBuildFile; fileRef = 531AA927245EB377004A8643 /* win.mp3 */; };
		531AA930245EB378004A8643 /* game-over.mp3 in Resources */ = {isa = PBXBuildFile; fileRef = 531AA928245EB377004A8643 /* game-over.mp3 */; };
		531AA931245EB378004A8643 /* riseup.mp3 in Resources */ = {isa = PBXBuildFile; fileRef = 531AA929245EB377004A8643 /* riseup.mp3 */; };
		531AA932245EB378004A8643 /* chimeup.mp3 in Resources */ = {isa = PBXBuildFile; fileRef = 531AA92A245EB377004A8643 /* chimeup.mp3 */; };
		531AA933245EB378004A8643 /* background-music.mp3 in Resources */ = {isa = PBXBuildFile; fileRef = 531AA92B245EB377004A8643 /* background-music.mp3 */; };
		531AA934245EB378004A8643 /* spin.mp3 in Resources */ = {isa = PBXBuildFile; fileRef = 531AA92C245EB377004A8643 /* spin.mp3 */; };
		531AA935245EB378004A8643 /* high-score.mp3 in Resources */ = {isa = PBXBuildFile; fileRef = 531AA92D245EB378004A8643 /* high-score.mp3 */; };
		531AA937245EB3B3004A8643 /* HelpView.swift in Sources */ = {isa = PBXBuildFile; fileRef = 531AA936245EB3B3004A8643 /* HelpView.swift */; };
		533F78B22453028D00D0B47F /* NavigationView.swift in Sources */ = {isa = PBXBuildFile; fileRef = 533F78B12453028D00D0B47F /* NavigationView.swift */; };
		533F78B4245303A800D0B47F /* ParametresView.swift in Sources */ = {isa = PBXBuildFile; fileRef = 533F78B3245303A800D0B47F /* ParametresView.swift */; };
		5352FF32245DD683004CE495 /* Helper.swift in Sources */ = {isa = PBXBuildFile; fileRef = 5352FF31245DD683004CE495 /* Helper.swift */; };
		53C6C297245179B30078BE51 /* AppDelegate.swift in Sources */ = {isa = PBXBuildFile; fileRef = 53C6C296245179B30078BE51 /* AppDelegate.swift */; };
		53C6C299245179B30078BE51 /* SceneDelegate.swift in Sources */ = {isa = PBXBuildFile; fileRef = 53C6C298245179B30078BE51 /* SceneDelegate.swift */; };
		53C6C29B245179B30078BE51 /* ContentView.swift in Sources */ = {isa = PBXBuildFile; fileRef = 53C6C29A245179B30078BE51 /* ContentView.swift */; };
		53C6C29D245179B40078BE51 /* Assets.xcassets in Resources */ = {isa = PBXBuildFile; fileRef = 53C6C29C245179B40078BE51 /* Assets.xcassets */; };
		53C6C2A0245179B40078BE51 /* Preview Assets.xcassets in Resources */ = {isa = PBXBuildFile; fileRef = 53C6C29F245179B40078BE51 /* Preview Assets.xcassets */; };
		53C6C2A3245179B40078BE51 /* LaunchScreen.storyboard in Resources */ = {isa = PBXBuildFile; fileRef = 53C6C2A1245179B40078BE51 /* LaunchScreen.storyboard */; };
		53F82FA4246834CB008B2B7A /* Localizable.strings in Resources */ = {isa = PBXBuildFile; fileRef = 53F82FA6246834CB008B2B7A /* Localizable.strings */; };
/* End PBXBuildFile section */

/* Begin PBXFileReference section */
		531AA923245EB212004A8643 /* PlaySound.swift */ = {isa = PBXFileReference; lastKnownFileType = sourcecode.swift; path = PlaySound.swift; sourceTree = "<group>"; };
		531AA926245EB377004A8643 /* casino-chips.mp3 */ = {isa = PBXFileReference; lastKnownFileType = audio.mp3; path = "casino-chips.mp3"; sourceTree = "<group>"; };
		531AA927245EB377004A8643 /* win.mp3 */ = {isa = PBXFileReference; lastKnownFileType = audio.mp3; path = win.mp3; sourceTree = "<group>"; };
		531AA928245EB377004A8643 /* game-over.mp3 */ = {isa = PBXFileReference; lastKnownFileType = audio.mp3; path = "game-over.mp3"; sourceTree = "<group>"; };
		531AA929245EB377004A8643 /* riseup.mp3 */ = {isa = PBXFileReference; lastKnownFileType = audio.mp3; path = riseup.mp3; sourceTree = "<group>"; };
		531AA92A245EB377004A8643 /* chimeup.mp3 */ = {isa = PBXFileReference; lastKnownFileType = audio.mp3; path = chimeup.mp3; sourceTree = "<group>"; };
		531AA92B245EB377004A8643 /* background-music.mp3 */ = {isa = PBXFileReference; lastKnownFileType = audio.mp3; path = "background-music.mp3"; sourceTree = "<group>"; };
		531AA92C245EB377004A8643 /* spin.mp3 */ = {isa = PBXFileReference; lastKnownFileType = audio.mp3; path = spin.mp3; sourceTree = "<group>"; };
		531AA92D245EB378004A8643 /* high-score.mp3 */ = {isa = PBXFileReference; lastKnownFileType = audio.mp3; path = "high-score.mp3"; sourceTree = "<group>"; };
		531AA936245EB3B3004A8643 /* HelpView.swift */ = {isa = PBXFileReference; lastKnownFileType = sourcecode.swift; path = HelpView.swift; sourceTree = "<group>"; };
		533F78B12453028D00D0B47F /* NavigationView.swift */ = {isa = PBXFileReference; lastKnownFileType = sourcecode.swift; path = NavigationView.swift; sourceTree = "<group>"; };
		533F78B3245303A800D0B47F /* ParametresView.swift */ = {isa = PBXFileReference; lastKnownFileType = sourcecode.swift; path = ParametresView.swift; sourceTree = "<group>"; };
		5352FF31245DD683004CE495 /* Helper.swift */ = {isa = PBXFileReference; fileEncoding = 4; lastKnownFileType = sourcecode.swift; path = Helper.swift; sourceTree = "<group>"; };
		53C6C293245179B30078BE51 /* MorpionView.app */ = {isa = PBXFileReference; explicitFileType = wrapper.application; includeInIndex = 0; path = MorpionView.app; sourceTree = BUILT_PRODUCTS_DIR; };
		53C6C296245179B30078BE51 /* AppDelegate.swift */ = {isa = PBXFileReference; lastKnownFileType = sourcecode.swift; path = AppDelegate.swift; sourceTree = "<group>"; };
		53C6C298245179B30078BE51 /* SceneDelegate.swift */ = {isa = PBXFileReference; lastKnownFileType = sourcecode.swift; path = SceneDelegate.swift; sourceTree = "<group>"; };
		53C6C29A245179B30078BE51 /* ContentView.swift */ = {isa = PBXFileReference; lastKnownFileType = sourcecode.swift; path = ContentView.swift; sourceTree = "<group>"; };
		53C6C29C245179B40078BE51 /* Assets.xcassets */ = {isa = PBXFileReference; lastKnownFileType = folder.assetcatalog; path = Assets.xcassets; sourceTree = "<group>"; };
		53C6C29F245179B40078BE51 /* Preview Assets.xcassets */ = {isa = PBXFileReference; lastKnownFileType = folder.assetcatalog; path = "Preview Assets.xcassets"; sourceTree = "<group>"; };
		53C6C2A2245179B40078BE51 /* Base */ = {isa = PBXFileReference; lastKnownFileType = file.storyboard; name = Base; path = Base.lproj/LaunchScreen.storyboard; sourceTree = "<group>"; };
		53C6C2A4245179B40078BE51 /* Info.plist */ = {isa = PBXFileReference; lastKnownFileType = text.plist.xml; path = Info.plist; sourceTree = "<group>"; };
		53F82FA3246834B7008B2B7A /* fr */ = {isa = PBXFileReference; lastKnownFileType = text.plist.strings; name = fr; path = fr.lproj/LaunchScreen.strings; sourceTree = "<group>"; };
		53F82FA5246834CB008B2B7A /* fr */ = {isa = PBXFileReference; lastKnownFileType = text.plist.strings; name = fr; path = fr.lproj/Localizable.strings; sourceTree = "<group>"; };
		53F82FA7246834D3008B2B7A /* en */ = {isa = PBXFileReference; lastKnownFileType = text.plist.strings; name = en; path = en.lproj/Localizable.strings; sourceTree = "<group>"; };
/* End PBXFileReference section */

/* Begin PBXFrameworksBuildPhase section */
		53C6C290245179B30078BE51 /* Frameworks */ = {
			isa = PBXFrameworksBuildPhase;
			buildActionMask = 2147483647;
			files = (
			);
			runOnlyForDeploymentPostprocessing = 0;
		};
/* End PBXFrameworksBuildPhase section */

/* Begin PBXGroup section */
		531AA922245EB1F0004A8643 /* Helpers */ = {
			isa = PBXGroup;
			children = (
				531AA923245EB212004A8643 /* PlaySound.swift */,
			);
			path = Helpers;
			sourceTree = "<group>";
		};
		531AA925245EB344004A8643 /* Sounds */ = {
			isa = PBXGroup;
			children = (
				531AA92B245EB377004A8643 /* background-music.mp3 */,
				531AA926245EB377004A8643 /* casino-chips.mp3 */,
				531AA92A245EB377004A8643 /* chimeup.mp3 */,
				531AA928245EB377004A8643 /* game-over.mp3 */,
				531AA92D245EB378004A8643 /* high-score.mp3 */,
				531AA929245EB377004A8643 /* riseup.mp3 */,
				531AA92C245EB377004A8643 /* spin.mp3 */,
				531AA927245EB377004A8643 /* win.mp3 */,
			);
			path = Sounds;
			sourceTree = "<group>";
		};
		53C6C28A245179B30078BE51 = {
			isa = PBXGroup;
			children = (
				53C6C295245179B30078BE51 /* MorpionView */,
				53C6C294245179B30078BE51 /* Products */,
			);
			sourceTree = "<group>";
		};
		53C6C294245179B30078BE51 /* Products */ = {
			isa = PBXGroup;
			children = (
				53C6C293245179B30078BE51 /* MorpionView.app */,
			);
			name = Products;
			sourceTree = "<group>";
		};
		53C6C295245179B30078BE51 /* MorpionView */ = {
			isa = PBXGroup;
			children = (
				53F82FA6246834CB008B2B7A /* Localizable.strings */,
				531AA925245EB344004A8643 /* Sounds */,
				531AA922245EB1F0004A8643 /* Helpers */,
				53C6C296245179B30078BE51 /* AppDelegate.swift */,
				53C6C298245179B30078BE51 /* SceneDelegate.swift */,
				533F78B12453028D00D0B47F /* NavigationView.swift */,
				533F78B3245303A800D0B47F /* ParametresView.swift */,
				53C6C29A245179B30078BE51 /* ContentView.swift */,
				531AA936245EB3B3004A8643 /* HelpView.swift */,
				5352FF31245DD683004CE495 /* Helper.swift */,
				53C6C29C245179B40078BE51 /* Assets.xcassets */,
				53C6C2A1245179B40078BE51 /* LaunchScreen.storyboard */,
				53C6C2A4245179B40078BE51 /* Info.plist */,
				53C6C29E245179B40078BE51 /* Preview Content */,
			);
			path = MorpionView;
			sourceTree = "<group>";
		};
		53C6C29E245179B40078BE51 /* Preview Content */ = {
			isa = PBXGroup;
			children = (
				53C6C29F245179B40078BE51 /* Preview Assets.xcassets */,
			);
			path = "Preview Content";
			sourceTree = "<group>";
		};
/* End PBXGroup section */

/* Begin PBXNativeTarget section */
		53C6C292245179B30078BE51 /* MorpionView */ = {
			isa = PBXNativeTarget;
			buildConfigurationList = 53C6C2A7245179B40078BE51 /* Build configuration list for PBXNativeTarget "MorpionView" */;
			buildPhases = (
				53C6C28F245179B30078BE51 /* Sources */,
				53C6C290245179B30078BE51 /* Frameworks */,
				53C6C291245179B30078BE51 /* Resources */,
			);
			buildRules = (
			);
			dependencies = (
			);
			name = MorpionView;
			productName = MorpionView;
			productReference = 53C6C293245179B30078BE51 /* MorpionView.app */;
			productType = "com.apple.product-type.application";
		};
/* End PBXNativeTarget section */

/* Begin PBXProject section */
		53C6C28B245179B30078BE51 /* Project object */ = {
			isa = PBXProject;
			attributes = {
				LastSwiftUpdateCheck = 1140;
				LastUpgradeCheck = 1140;
				ORGANIZATIONNAME = "Michel Garlandat";
				TargetAttributes = {
					53C6C292245179B30078BE51 = {
						CreatedOnToolsVersion = 11.4.1;
					};
				};
			};
			buildConfigurationList = 53C6C28E245179B30078BE51 /* Build configuration list for PBXProject "MorpionView" */;
			compatibilityVersion = "Xcode 9.3";
			developmentRegion = en;
			hasScannedForEncodings = 0;
			knownRegions = (
				en,
				Base,
				fr,
			);
			mainGroup = 53C6C28A245179B30078BE51;
			productRefGroup = 53C6C294245179B30078BE51 /* Products */;
			projectDirPath = "";
			projectRoot = "";
			targets = (
				53C6C292245179B30078BE51 /* MorpionView */,
			);
		};
/* End PBXProject section */

/* Begin PBXResourcesBuildPhase section */
		53C6C291245179B30078BE51 /* Resources */ = {
			isa = PBXResourcesBuildPhase;
			buildActionMask = 2147483647;
			files = (
				531AA92F245EB378004A8643 /* win.mp3 in Resources */,
				53F82FA4246834CB008B2B7A /* Localizable.strings in Resources */,
				531AA933245EB378004A8643 /* background-music.mp3 in Resources */,
				53C6C2A3245179B40078BE51 /* LaunchScreen.storyboard in Resources */,
				531AA931245EB378004A8643 /* riseup.mp3 in Resources */,
				53C6C2A0245179B40078BE51 /* Preview Assets.xcassets in Resources */,
				531AA932245EB378004A8643 /* chimeup.mp3 in Resources */,
				531AA934245EB378004A8643 /* spin.mp3 in Resources */,
				53C6C29D245179B40078BE51 /* Assets.xcassets in Resources */,
				531AA930245EB378004A8643 /* game-over.mp3 in Resources */,
				531AA935245EB378004A8643 /* high-score.mp3 in Resources */,
				531AA92E245EB378004A8643 /* casino-chips.mp3 in Resources */,
			);
			runOnlyForDeploymentPostprocessing = 0;
		};
/* End PBXResourcesBuildPhase section */

/* Begin PBXSourcesBuildPhase section */
		53C6C28F245179B30078BE51 /* Sources */ = {
			isa = PBXSourcesBuildPhase;
			buildActionMask = 2147483647;
			files = (
				53C6C297245179B30078BE51 /* AppDelegate.swift in Sources */,
				531AA924245EB212004A8643 /* PlaySound.swift in Sources */,
				53C6C299245179B30078BE51 /* SceneDelegate.swift in Sources */,
				533F78B4245303A800D0B47F /* ParametresView.swift in Sources */,
				533F78B22453028D00D0B47F /* NavigationView.swift in Sources */,
				531AA937245EB3B3004A8643 /* HelpView.swift in Sources */,
				53C6C29B245179B30078BE51 /* ContentView.swift in Sources */,
				5352FF32245DD683004CE495 /* Helper.swift in Sources */,
			);
			runOnlyForDeploymentPostprocessing = 0;
		};
/* End PBXSourcesBuildPhase section */

/* Begin PBXVariantGroup section */
		53C6C2A1245179B40078BE51 /* LaunchScreen.storyboard */ = {
			isa = PBXVariantGroup;
			children = (
				53C6C2A2245179B40078BE51 /* Base */,
				53F82FA3246834B7008B2B7A /* fr */,
			);
			name = LaunchScreen.storyboard;
			sourceTree = "<group>";
		};
		53F82FA6246834CB008B2B7A /* Localizable.strings */ = {
			isa = PBXVariantGroup;
			children = (
				53F82FA5246834CB008B2B7A /* fr */,
				53F82FA7246834D3008B2B7A /* en */,
			);
			name = Localizable.strings;
			sourceTree = "<group>";
		};
/* End PBXVariantGroup section */

/* Begin XCBuildConfiguration section */
		53C6C2A5245179B40078BE51 /* Debug */ = {
			isa = XCBuildConfiguration;
			buildSettings = {
				ALWAYS_SEARCH_USER_PATHS = NO;
				CLANG_ANALYZER_LOCALIZABILITY_NONLOCALIZED = YES;
				CLANG_ANALYZER_NONNULL = YES;
				CLANG_ANALYZER_NUMBER_OBJECT_CONVERSION = YES_AGGRESSIVE;
				CLANG_CXX_LANGUAGE_STANDARD = "gnu++14";
				CLANG_CXX_LIBRARY = "libc++";
				CLANG_ENABLE_MODULES = YES;
				CLANG_ENABLE_OBJC_ARC = YES;
				CLANG_ENABLE_OBJC_WEAK = YES;
				CLANG_WARN_BLOCK_CAPTURE_AUTORELEASING = YES;
				CLANG_WARN_BOOL_CONVERSION = YES;
				CLANG_WARN_COMMA = YES;
				CLANG_WARN_CONSTANT_CONVERSION = YES;
				CLANG_WARN_DEPRECATED_OBJC_IMPLEMENTATIONS = YES;
				CLANG_WARN_DIRECT_OBJC_ISA_USAGE = YES_ERROR;
				CLANG_WARN_DOCUMENTATION_COMMENTS = YES;
				CLANG_WARN_EMPTY_BODY = YES;
				CLANG_WARN_ENUM_CONVERSION = YES;
				CLANG_WARN_INFINITE_RECURSION = YES;
				CLANG_WARN_INT_CONVERSION = YES;
				CLANG_WARN_NON_LITERAL_NULL_CONVERSION = YES;
				CLANG_WARN_OBJC_IMPLICIT_RETAIN_SELF = YES;
				CLANG_WARN_OBJC_LITERAL_CONVERSION = YES;
				CLANG_WARN_OBJC_ROOT_CLASS = YES_ERROR;
				CLANG_WARN_RANGE_LOOP_ANALYSIS = YES;
				CLANG_WARN_STRICT_PROTOTYPES = YES;
				CLANG_WARN_SUSPICIOUS_MOVE = YES;
				CLANG_WARN_UNGUARDED_AVAILABILITY = YES_AGGRESSIVE;
				CLANG_WARN_UNREACHABLE_CODE = YES;
				CLANG_WARN__DUPLICATE_METHOD_MATCH = YES;
				COPY_PHASE_STRIP = NO;
				DEBUG_INFORMATION_FORMAT = dwarf;
				ENABLE_STRICT_OBJC_MSGSEND = YES;
				ENABLE_TESTABILITY = YES;
				GCC_C_LANGUAGE_STANDARD = gnu11;
				GCC_DYNAMIC_NO_PIC = NO;
				GCC_NO_COMMON_BLOCKS = YES;
				GCC_OPTIMIZATION_LEVEL = 0;
				GCC_PREPROCESSOR_DEFINITIONS = (
					"DEBUG=1",
					"$(inherited)",
				);
				GCC_WARN_64_TO_32_BIT_CONVERSION = YES;
				GCC_WARN_ABOUT_RETURN_TYPE = YES_ERROR;
				GCC_WARN_UNDECLARED_SELECTOR = YES;
				GCC_WARN_UNINITIALIZED_AUTOS = YES_AGGRESSIVE;
				GCC_WARN_UNUSED_FUNCTION = YES;
				GCC_WARN_UNUSED_VARIABLE = YES;
				IPHONEOS_DEPLOYMENT_TARGET = 13.4;
				MTL_ENABLE_DEBUG_INFO = INCLUDE_SOURCE;
				MTL_FAST_MATH = YES;
				ONLY_ACTIVE_ARCH = YES;
				SDKROOT = iphoneos;
				SWIFT_ACTIVE_COMPILATION_CONDITIONS = DEBUG;
				SWIFT_OPTIMIZATION_LEVEL = "-Onone";
			};
			name = Debug;
		};
		53C6C2A6245179B40078BE51 /* Release */ = {
			isa = XCBuildConfiguration;
			buildSettings = {
				ALWAYS_SEARCH_USER_PATHS = NO;
				CLANG_ANALYZER_LOCALIZABILITY_NONLOCALIZED = YES;
				CLANG_ANALYZER_NONNULL = YES;
				CLANG_ANALYZER_NUMBER_OBJECT_CONVERSION = YES_AGGRESSIVE;
				CLANG_CXX_LANGUAGE_STANDARD = "gnu++14";
				CLANG_CXX_LIBRARY = "libc++";
				CLANG_ENABLE_MODULES = YES;
				CLANG_ENABLE_OBJC_ARC = YES;
				CLANG_ENABLE_OBJC_WEAK = YES;
				CLANG_WARN_BLOCK_CAPTURE_AUTORELEASING = YES;
				CLANG_WARN_BOOL_CONVERSION = YES;
				CLANG_WARN_COMMA = YES;
				CLANG_WARN_CONSTANT_CONVERSION = YES;
				CLANG_WARN_DEPRECATED_OBJC_IMPLEMENTATIONS = YES;
				CLANG_WARN_DIRECT_OBJC_ISA_USAGE = YES_ERROR;
				CLANG_WARN_DOCUMENTATION_COMMENTS = YES;
				CLANG_WARN_EMPTY_BODY = YES;
				CLANG_WARN_ENUM_CONVERSION = YES;
				CLANG_WARN_INFINITE_RECURSION = YES;
				CLANG_WARN_INT_CONVERSION = YES;
				CLANG_WARN_NON_LITERAL_NULL_CONVERSION = YES;
				CLANG_WARN_OBJC_IMPLICIT_RETAIN_SELF = YES;
				CLANG_WARN_OBJC_LITERAL_CONVERSION = YES;
				CLANG_WARN_OBJC_ROOT_CLASS = YES_ERROR;
				CLANG_WARN_RANGE_LOOP_ANALYSIS = YES;
				CLANG_WARN_STRICT_PROTOTYPES = YES;
				CLANG_WARN_SUSPICIOUS_MOVE = YES;
				CLANG_WARN_UNGUARDED_AVAILABILITY = YES_AGGRESSIVE;
				CLANG_WARN_UNREACHABLE_CODE = YES;
				CLANG_WARN__DUPLICATE_METHOD_MATCH = YES;
				COPY_PHASE_STRIP = NO;
				DEBUG_INFORMATION_FORMAT = "dwarf-with-dsym";
				ENABLE_NS_ASSERTIONS = NO;
				ENABLE_STRICT_OBJC_MSGSEND = YES;
				GCC_C_LANGUAGE_STANDARD = gnu11;
				GCC_NO_COMMON_BLOCKS = YES;
				GCC_WARN_64_TO_32_BIT_CONVERSION = YES;
				GCC_WARN_ABOUT_RETURN_TYPE = YES_ERROR;
				GCC_WARN_UNDECLARED_SELECTOR = YES;
				GCC_WARN_UNINITIALIZED_AUTOS = YES_AGGRESSIVE;
				GCC_WARN_UNUSED_FUNCTION = YES;
				GCC_WARN_UNUSED_VARIABLE = YES;
				IPHONEOS_DEPLOYMENT_TARGET = 13.4;
				MTL_ENABLE_DEBUG_INFO = NO;
				MTL_FAST_MATH = YES;
				SDKROOT = iphoneos;
				SWIFT_COMPILATION_MODE = wholemodule;
				SWIFT_OPTIMIZATION_LEVEL = "-O";
				VALIDATE_PRODUCT = YES;
			};
			name = Release;
		};
		53C6C2A8245179B40078BE51 /* Debug */ = {
			isa = XCBuildConfiguration;
			buildSettings = {
				ASSETCATALOG_COMPILER_APPICON_NAME = AppIcon;
				CODE_SIGN_STYLE = Automatic;
				DEVELOPMENT_ASSET_PATHS = "\"MorpionView/Preview Content\"";
				DEVELOPMENT_TEAM = 4M6WBM2XB7;
				ENABLE_PREVIEWS = YES;
				INFOPLIST_FILE = MorpionView/Info.plist;
				LD_RUNPATH_SEARCH_PATHS = (
					"$(inherited)",
					"@executable_path/Frameworks",
				);
				PRODUCT_BUNDLE_IDENTIFIER = fr.michel.garlandat.MorpionView;
				PRODUCT_NAME = "$(TARGET_NAME)";
				SWIFT_VERSION = 5.0;
				TARGETED_DEVICE_FAMILY = "1,2";
			};
			name = Debug;
		};
		53C6C2A9245179B40078BE51 /* Release */ = {
			isa = XCBuildConfiguration;
			buildSettings = {
				ASSETCATALOG_COMPILER_APPICON_NAME = AppIcon;
				CODE_SIGN_STYLE = Automatic;
				DEVELOPMENT_ASSET_PATHS = "\"MorpionView/Preview Content\"";
				DEVELOPMENT_TEAM = 4M6WBM2XB7;
				ENABLE_PREVIEWS = YES;
				INFOPLIST_FILE = MorpionView/Info.plist;
				LD_RUNPATH_SEARCH_PATHS = (
					"$(inherited)",
					"@executable_path/Frameworks",
				);
				PRODUCT_BUNDLE_IDENTIFIER = fr.michel.garlandat.MorpionView;
				PRODUCT_NAME = "$(TARGET_NAME)";
				SWIFT_VERSION = 5.0;
				TARGETED_DEVICE_FAMILY = "1,2";
			};
			name = Release;
		};
/* End XCBuildConfiguration section */

/* Begin XCConfigurationList section */
		53C6C28E245179B30078BE51 /* Build configuration list for PBXProject "MorpionView" */ = {
			isa = XCConfigurationList;
			buildConfigurations = (
				53C6C2A5245179B40078BE51 /* Debug */,
				53C6C2A6245179B40078BE51 /* Release */,
			);
			defaultConfigurationIsVisible = 0;
			defaultConfigurationName = Release;
		};
		53C6C2A7245179B40078BE51 /* Build configuration list for PBXNativeTarget "MorpionView" */ = {
			isa = XCConfigurationList;
			buildConfigurations = (
				53C6C2A8245179B40078BE51 /* Debug */,
				53C6C2A9245179B40078BE51 /* Release */,
			);
			defaultConfigurationIsVisible = 0;
			defaultConfigurationName = Release;
		};
/* End XCConfigurationList section */
	};
	rootObject = 53C6C28B245179B30078BE51 /* Project object */;
}
